
Microsoft Visual Studio Solution File, Format Version 12.00
# Visual Studio Version 17
VisualStudioVersion = 17.11.35222.181
MinimumVisualStudioVersion = 10.0.40219.1
Project("{9A19103F-16F7-4668-BE54-9A1E7A4F7556}") = "TaskManagerWebApp", "TaskManagerWebApp\TaskManagerWebApp.csproj", "{52282DDB-7C94-4E0D-957F-13C9047C6F0F}"
EndProject
Global
	GlobalSection(SolutionConfigurationPlatforms) = preSolution
		Debug|Any CPU = Debug|Any CPU
		Release|Any CPU = Release|Any CPU
	EndGlobalSection
	GlobalSection(ProjectConfigurationPlatforms) = postSolution
		{52282DDB-7C94-4E0D-957F-13C9047C6F0F}.Debug|Any CPU.ActiveCfg = Debug|Any CPU
		{52282DDB-7C94-4E0D-957F-13C9047C6F0F}.Debug|Any CPU.Build.0 = Debug|Any CPU
		{52282DDB-7C94-4E0D-957F-13C9047C6F0F}.Release|Any CPU.ActiveCfg = Release|Any CPU
		{52282DDB-7C94-4E0D-957F-13C9047C6F0F}.Release|Any CPU.Build.0 = Release|Any CPU
	EndGlobalSection
	GlobalSection(SolutionProperties) = preSolution
		HideSolutionNode = FALSE
	EndGlobalSection
	GlobalSection(ExtensibilityGlobals) = postSolution
		SolutionGuid = {59747A9F-A436-4CF7-ABD9-303679AC4550}
	EndGlobalSection
EndGlobal
